
Microsoft Visual Studio Solution File, Format Version 12.00
# Visual Studio Version 16
VisualStudioVersion = 16.0.31129.286
MinimumVisualStudioVersion = 10.0.40219.1
Project("{FAE04EC0-301F-11D3-BF4B-00C04F79EFBC}") = "CSBasic3", "CSBasic3\CSBasic3.csproj", "{CE83AB09-5DB7-4F9B-A590-482D624A9367}"
EndProject
Global
	GlobalSection(SolutionConfigurationPlatforms) = preSolution
		Debug|Any CPU = Debug|Any CPU
		Release|Any CPU = Release|Any CPU
	EndGlobalSection
	GlobalSection(ProjectConfigurationPlatforms) = postSolution
		{CE83AB09-5DB7-4F9B-A590-482D624A9367}.Debug|Any CPU.ActiveCfg = Debug|Any CPU
		{CE83AB09-5DB7-4F9B-A590-482D624A9367}.Debug|Any CPU.Build.0 = Debug|Any CPU
		{CE83AB09-5DB7-4F9B-A590-482D624A9367}.Release|Any CPU.ActiveCfg = Release|Any CPU
		{CE83AB09-5DB7-4F9B-A590-482D624A9367}.Release|Any CPU.Build.0 = Release|Any CPU
	EndGlobalSection
	GlobalSection(SolutionProperties) = preSolution
		HideSolutionNode = FALSE
	EndGlobalSection
	GlobalSection(ExtensibilityGlobals) = postSolution
		SolutionGuid = {D5F2C5F4-E5DC-4245-8E22-E8606DBA2739}
	EndGlobalSection
EndGlobal
